
Microsoft Visual Studio Solution File, Format Version 12.00
# Visual Studio Version 17
VisualStudioVersion = 17.4.33213.308
MinimumVisualStudioVersion = 10.0.40219.1
Project("{9A19103F-16F7-4668-BE54-9A1E7A4F7556}") = "ServiceHub", "ServiceHub\ServiceHub.csproj", "{4B2F0CD1-89E1-46E2-9F47-BD6E48F76F9C}"
EndProject
Global
	GlobalSection(SolutionConfigurationPlatforms) = preSolution
		Debug|Any CPU = Debug|Any CPU
		Release|Any CPU = Release|Any CPU
	EndGlobalSection
	GlobalSection(ProjectConfigurationPlatforms) = postSolution
		{4B2F0CD1-89E1-46E2-9F47-BD6E48F76F9C}.Debug|Any CPU.ActiveCfg = Debug|Any CPU
		{4B2F0CD1-89E1-46E2-9F47-BD6E48F76F9C}.Debug|Any CPU.Build.0 = Debug|Any CPU
		{4B2F0CD1-89E1-46E2-9F47-BD6E48F76F9C}.Release|Any CPU.ActiveCfg = Release|Any CPU
		{4B2F0CD1-89E1-46E2-9F47-BD6E48F76F9C}.Release|Any CPU.Build.0 = Release|Any CPU
	EndGlobalSection
	GlobalSection(SolutionProperties) = preSolution
		HideSolutionNode = FALSE
	EndGlobalSection
	GlobalSection(ExtensibilityGlobals) = postSolution
		SolutionGuid = {D0B565BF-8F9B-4D49-AD33-4CE0C99D07D5}
	EndGlobalSection
EndGlobal
